
Microsoft Visual Studio Solution File, Format Version 12.00
# Visual Studio 14
VisualStudioVersion = 14.0.23107.0
MinimumVisualStudioVersion = 10.0.40219.1
Project("{8BC9CEB8-8B4A-11D0-8D11-00A0C91BC942}") = "fixed_point_test", "fixed_point_test.vcxproj", "{50975066-6B9B-41DD-9BC7-B24C3B896B61}"
	ProjectSection(ProjectDependencies) = postProject
		{C8F6C172-56F2-4E76-B5FA-C3B423B31BE7} = {C8F6C172-56F2-4E76-B5FA-C3B423B31BE7}
	EndProjectSection
EndProject
Project("{8BC9CEB8-8B4A-11D0-8D11-00A0C91BC942}") = "gtest", "..\googletest\googletest\msvc\gtest.vcxproj", "{C8F6C172-56F2-4E76-B5FA-C3B423B31BE7}"
EndProject
Global
	GlobalSection(SolutionConfigurationPlatforms) = preSolution
		Debug|x64 = Debug|x64
		Debug|x86 = Debug|x86
		Release|x64 = Release|x64
		Release|x86 = Release|x86
	EndGlobalSection
	GlobalSection(ProjectConfigurationPlatforms) = postSolution
		{50975066-6B9B-41DD-9BC7-B24C3B896B61}.Debug|x64.ActiveCfg = Debug|x64
		{50975066-6B9B-41DD-9BC7-B24C3B896B61}.Debug|x64.Build.0 = Debug|x64
		{50975066-6B9B-41DD-9BC7-B24C3B896B61}.Debug|x86.ActiveCfg = Debug|Win32
		{50975066-6B9B-41DD-9BC7-B24C3B896B61}.Debug|x86.Build.0 = Debug|Win32
		{50975066-6B9B-41DD-9BC7-B24C3B896B61}.Release|x64.ActiveCfg = Release|x64
		{50975066-6B9B-41DD-9BC7-B24C3B896B61}.Release|x64.Build.0 = Release|x64
		{50975066-6B9B-41DD-9BC7-B24C3B896B61}.Release|x86.ActiveCfg = Release|Win32
		{50975066-6B9B-41DD-9BC7-B24C3B896B61}.Release|x86.Build.0 = Release|Win32
		{C8F6C172-56F2-4E76-B5FA-C3B423B31BE7}.Debug|x64.ActiveCfg = Debug|Win32
		{C8F6C172-56F2-4E76-B5FA-C3B423B31BE7}.Debug|x86.ActiveCfg = Debug|Win32
		{C8F6C172-56F2-4E76-B5FA-C3B423B31BE7}.Debug|x86.Build.0 = Debug|Win32
		{C8F6C172-56F2-4E76-B5FA-C3B423B31BE7}.Release|x64.ActiveCfg = Release|Win32
		{C8F6C172-56F2-4E76-B5FA-C3B423B31BE7}.Release|x86.ActiveCfg = Release|Win32
		{C8F6C172-56F2-4E76-B5FA-C3B423B31BE7}.Release|x86.Build.0 = Release|Win32
	EndGlobalSection
	GlobalSection(SolutionProperties) = preSolution
		HideSolutionNode = FALSE
	EndGlobalSection
EndGlobal
